// !$*UTF8*$!
{
	archiveVersion = 1;
	classes = {
	};
	objectVersion = 55;
	objects = {

/* Begin PBXBuildFile section */
		AB928D4737352FC3773BC168 /* Pods_Paywall.framework in Frameworks */ = {isa = PBXBuildFile; fileRef = F17855D0ACB7F27704687DA9 /* Pods_Paywall.framework */; };
		B565DE8328C617EB005E36FB /* Deeplinker.swift in Sources */ = {isa = PBXBuildFile; fileRef = B565DE8228C617EB005E36FB /* Deeplinker.swift */; };
		B565DE8528C61BCD005E36FB /* BoxCell.swift in Sources */ = {isa = PBXBuildFile; fileRef = B565DE8428C61BCD005E36FB /* BoxCell.swift */; };
		B565DE8728C62035005E36FB /* LogoCell.swift in Sources */ = {isa = PBXBuildFile; fileRef = B565DE8628C62035005E36FB /* LogoCell.swift */; };
		B565DE8928C628B1005E36FB /* ReusableCell.swift in Sources */ = {isa = PBXBuildFile; fileRef = B565DE8828C628B1005E36FB /* ReusableCell.swift */; };
		B565DE8B28C628E1005E36FB /* PaddingLabel.swift in Sources */ = {isa = PBXBuildFile; fileRef = B565DE8A28C628E1005E36FB /* PaddingLabel.swift */; };
		B565DE8D28C628FC005E36FB /* SubscribeButton.swift in Sources */ = {isa = PBXBuildFile; fileRef = B565DE8C28C628FC005E36FB /* SubscribeButton.swift */; };
		B565DE8F28C6291E005E36FB /* SubscribeView.swift in Sources */ = {isa = PBXBuildFile; fileRef = B565DE8E28C6291E005E36FB /* SubscribeView.swift */; };
		B565DE9628C62C24005E36FB /* EmptyCell.swift in Sources */ = {isa = PBXBuildFile; fileRef = B565DE9528C62C24005E36FB /* EmptyCell.swift */; };
		B565DE9828C62C3B005E36FB /* ImageCell.swift in Sources */ = {isa = PBXBuildFile; fileRef = B565DE9728C62C3B005E36FB /* ImageCell.swift */; };
		B565DE9A28C62C57005E36FB /* CheckMarkView.swift in Sources */ = {isa = PBXBuildFile; fileRef = B565DE9928C62C57005E36FB /* CheckMarkView.swift */; };
		B565DE9C28C62F38005E36FB /* StringConfig.swift in Sources */ = {isa = PBXBuildFile; fileRef = B565DE9B28C62F38005E36FB /* StringConfig.swift */; };
		B5E4D74728C48EAA001BE1F3 /* AppDelegate.swift in Sources */ = {isa = PBXBuildFile; fileRef = B5E4D74628C48EAA001BE1F3 /* AppDelegate.swift */; };
		B5E4D74928C48EAA001BE1F3 /* SceneDelegate.swift in Sources */ = {isa = PBXBuildFile; fileRef = B5E4D74828C48EAA001BE1F3 /* SceneDelegate.swift */; };
		B5E4D74B28C48EAA001BE1F3 /* MainVC.swift in Sources */ = {isa = PBXBuildFile; fileRef = B5E4D74A28C48EAA001BE1F3 /* MainVC.swift */; };
		B5E4D74E28C48EAA001BE1F3 /* Main.storyboard in Resources */ = {isa = PBXBuildFile; fileRef = B5E4D74C28C48EAA001BE1F3 /* Main.storyboard */; };
		B5E4D75028C48EAC001BE1F3 /* Assets.xcassets in Resources */ = {isa = PBXBuildFile; fileRef = B5E4D74F28C48EAC001BE1F3 /* Assets.xcassets */; };
		B5E4D75328C48EAC001BE1F3 /* LaunchScreen.storyboard in Resources */ = {isa = PBXBuildFile; fileRef = B5E4D75128C48EAC001BE1F3 /* LaunchScreen.storyboard */; };
		B5E4D75B28C49171001BE1F3 /* GoogleService-Info.plist in Resources */ = {isa = PBXBuildFile; fileRef = B5E4D75A28C49170001BE1F3 /* GoogleService-Info.plist */; };
		B5E4D75D28C49190001BE1F3 /* Firebase.swift in Sources */ = {isa = PBXBuildFile; fileRef = B5E4D75C28C49190001BE1F3 /* Firebase.swift */; };
		B5E4D75F28C49F5D001BE1F3 /* DataSource.swift in Sources */ = {isa = PBXBuildFile; fileRef = B5E4D75E28C49F5D001BE1F3 /* DataSource.swift */; };
		B5E4D76128C4A830001BE1F3 /* TitleCell.swift in Sources */ = {isa = PBXBuildFile; fileRef = B5E4D76028C4A830001BE1F3 /* TitleCell.swift */; };
		B5E4D76428C4A8A6001BE1F3 /* Extensions.swift in Sources */ = {isa = PBXBuildFile; fileRef = B5E4D76328C4A8A6001BE1F3 /* Extensions.swift */; };
		B5E4D76628C4BF23001BE1F3 /* SubscribeButtonCell.swift in Sources */ = {isa = PBXBuildFile; fileRef = B5E4D76528C4BF23001BE1F3 /* SubscribeButtonCell.swift */; };
		B5E4D76828C4CE2F001BE1F3 /* ButtonCell.swift in Sources */ = {isa = PBXBuildFile; fileRef = B5E4D76728C4CE2F001BE1F3 /* ButtonCell.swift */; };
		B5E4D76A28C4D7A8001BE1F3 /* TermsCell.swift in Sources */ = {isa = PBXBuildFile; fileRef = B5E4D76928C4D7A8001BE1F3 /* TermsCell.swift */; };
/* End PBXBuildFile section */

/* Begin PBXFileReference section */
		B565DE8228C617EB005E36FB /* Deeplinker.swift */ = {isa = PBXFileReference; lastKnownFileType = sourcecode.swift; path = Deeplinker.swift; sourceTree = "<group>"; };
		B565DE8428C61BCD005E36FB /* BoxCell.swift */ = {isa = PBXFileReference; lastKnownFileType = sourcecode.swift; path = BoxCell.swift; sourceTree = "<group>"; };
		B565DE8628C62035005E36FB /* LogoCell.swift */ = {isa = PBXFileReference; lastKnownFileType = sourcecode.swift; path = LogoCell.swift; sourceTree = "<group>"; };
		B565DE8828C628B1005E36FB /* ReusableCell.swift */ = {isa = PBXFileReference; lastKnownFileType = sourcecode.swift; path = ReusableCell.swift; sourceTree = "<group>"; };
		B565DE8A28C628E1005E36FB /* PaddingLabel.swift */ = {isa = PBXFileReference; lastKnownFileType = sourcecode.swift; path = PaddingLabel.swift; sourceTree = "<group>"; };
		B565DE8C28C628FC005E36FB /* SubscribeButton.swift */ = {isa = PBXFileReference; lastKnownFileType = sourcecode.swift; path = SubscribeButton.swift; sourceTree = "<group>"; };
		B565DE8E28C6291E005E36FB /* SubscribeView.swift */ = {isa = PBXFileReference; lastKnownFileType = sourcecode.swift; path = SubscribeView.swift; sourceTree = "<group>"; };
		B565DE9528C62C24005E36FB /* EmptyCell.swift */ = {isa = PBXFileReference; lastKnownFileType = sourcecode.swift; path = EmptyCell.swift; sourceTree = "<group>"; };
		B565DE9728C62C3B005E36FB /* ImageCell.swift */ = {isa = PBXFileReference; lastKnownFileType = sourcecode.swift; path = ImageCell.swift; sourceTree = "<group>"; };
		B565DE9928C62C57005E36FB /* CheckMarkView.swift */ = {isa = PBXFileReference; lastKnownFileType = sourcecode.swift; path = CheckMarkView.swift; sourceTree = "<group>"; };
		B565DE9B28C62F38005E36FB /* StringConfig.swift */ = {isa = PBXFileReference; lastKnownFileType = sourcecode.swift; path = StringConfig.swift; sourceTree = "<group>"; };
		B5E4D74328C48EAA001BE1F3 /* Paywall.app */ = {isa = PBXFileReference; explicitFileType = wrapper.application; includeInIndex = 0; path = Paywall.app; sourceTree = BUILT_PRODUCTS_DIR; };
		B5E4D74628C48EAA001BE1F3 /* AppDelegate.swift */ = {isa = PBXFileReference; lastKnownFileType = sourcecode.swift; path = AppDelegate.swift; sourceTree = "<group>"; };
		B5E4D74828C48EAA001BE1F3 /* SceneDelegate.swift */ = {isa = PBXFileReference; lastKnownFileType = sourcecode.swift; path = SceneDelegate.swift; sourceTree = "<group>"; };
		B5E4D74A28C48EAA001BE1F3 /* MainVC.swift */ = {isa = PBXFileReference; lastKnownFileType = sourcecode.swift; path = MainVC.swift; sourceTree = "<group>"; };
		B5E4D74D28C48EAA001BE1F3 /* Base */ = {isa = PBXFileReference; lastKnownFileType = file.storyboard; name = Base; path = Base.lproj/Main.storyboard; sourceTree = "<group>"; };
		B5E4D74F28C48EAC001BE1F3 /* Assets.xcassets */ = {isa = PBXFileReference; lastKnownFileType = folder.assetcatalog; path = Assets.xcassets; sourceTree = "<group>"; };
		B5E4D75228C48EAC001BE1F3 /* Base */ = {isa = PBXFileReference; lastKnownFileType = file.storyboard; name = Base; path = Base.lproj/LaunchScreen.storyboard; sourceTree = "<group>"; };
		B5E4D75428C48EAC001BE1F3 /* Info.plist */ = {isa = PBXFileReference; lastKnownFileType = text.plist.xml; path = Info.plist; sourceTree = "<group>"; };
		B5E4D75A28C49170001BE1F3 /* GoogleService-Info.plist */ = {isa = PBXFileReference; fileEncoding = 4; lastKnownFileType = text.plist.xml; path = "GoogleService-Info.plist"; sourceTree = "<group>"; };
		B5E4D75C28C49190001BE1F3 /* Firebase.swift */ = {isa = PBXFileReference; lastKnownFileType = sourcecode.swift; path = Firebase.swift; sourceTree = "<group>"; };
		B5E4D75E28C49F5D001BE1F3 /* DataSource.swift */ = {isa = PBXFileReference; lastKnownFileType = sourcecode.swift; path = DataSource.swift; sourceTree = "<group>"; };
		B5E4D76028C4A830001BE1F3 /* TitleCell.swift */ = {isa = PBXFileReference; lastKnownFileType = sourcecode.swift; path = TitleCell.swift; sourceTree = "<group>"; };
		B5E4D76328C4A8A6001BE1F3 /* Extensions.swift */ = {isa = PBXFileReference; lastKnownFileType = sourcecode.swift; path = Extensions.swift; sourceTree = "<group>"; };
		B5E4D76528C4BF23001BE1F3 /* SubscribeButtonCell.swift */ = {isa = PBXFileReference; lastKnownFileType = sourcecode.swift; path = SubscribeButtonCell.swift; sourceTree = "<group>"; };
		B5E4D76728C4CE2F001BE1F3 /* ButtonCell.swift */ = {isa = PBXFileReference; lastKnownFileType = sourcecode.swift; path = ButtonCell.swift; sourceTree = "<group>"; };
		B5E4D76928C4D7A8001BE1F3 /* TermsCell.swift */ = {isa = PBXFileReference; lastKnownFileType = sourcecode.swift; path = TermsCell.swift; sourceTree = "<group>"; };
		C32B177D2780FA1382941CCD /* Pods-Paywall.debug.xcconfig */ = {isa = PBXFileReference; includeInIndex = 1; lastKnownFileType = text.xcconfig; name = "Pods-Paywall.debug.xcconfig"; path = "Target Support Files/Pods-Paywall/Pods-Paywall.debug.xcconfig"; sourceTree = "<group>"; };
		D7E5D8D7AF596D5D283ED014 /* Pods-Paywall.release.xcconfig */ = {isa = PBXFileReference; includeInIndex = 1; lastKnownFileType = text.xcconfig; name = "Pods-Paywall.release.xcconfig"; path = "Target Support Files/Pods-Paywall/Pods-Paywall.release.xcconfig"; sourceTree = "<group>"; };
		F17855D0ACB7F27704687DA9 /* Pods_Paywall.framework */ = {isa = PBXFileReference; explicitFileType = wrapper.framework; includeInIndex = 0; path = Pods_Paywall.framework; sourceTree = BUILT_PRODUCTS_DIR; };
/* End PBXFileReference section */

/* Begin PBXFrameworksBuildPhase section */
		B5E4D74028C48EAA001BE1F3 /* Frameworks */ = {
			isa = PBXFrameworksBuildPhase;
			buildActionMask = 2147483647;
			files = (
				AB928D4737352FC3773BC168 /* Pods_Paywall.framework in Frameworks */,
			);
			runOnlyForDeploymentPostprocessing = 0;
		};
/* End PBXFrameworksBuildPhase section */

/* Begin PBXGroup section */
		0DA9F515FFDAB4183981B299 /* Frameworks */ = {
			isa = PBXGroup;
			children = (
				F17855D0ACB7F27704687DA9 /* Pods_Paywall.framework */,
			);
			name = Frameworks;
			sourceTree = "<group>";
		};
		115D20B077D1FED116C33E60 /* Pods */ = {
			isa = PBXGroup;
			children = (
				C32B177D2780FA1382941CCD /* Pods-Paywall.debug.xcconfig */,
				D7E5D8D7AF596D5D283ED014 /* Pods-Paywall.release.xcconfig */,
			);
			path = Pods;
			sourceTree = "<group>";
		};
		B565DE9028C62931005E36FB /* App */ = {
			isa = PBXGroup;
			children = (
				B5E4D74628C48EAA001BE1F3 /* AppDelegate.swift */,
				B5E4D74828C48EAA001BE1F3 /* SceneDelegate.swift */,
			);
			path = App;
			sourceTree = "<group>";
		};
		B565DE9128C62939005E36FB /* Views */ = {
			isa = PBXGroup;
			children = (
				B565DE8A28C628E1005E36FB /* PaddingLabel.swift */,
				B565DE8E28C6291E005E36FB /* SubscribeView.swift */,
				B565DE9928C62C57005E36FB /* CheckMarkView.swift */,
				B565DE8C28C628FC005E36FB /* SubscribeButton.swift */,
			);
			path = Views;
			sourceTree = "<group>";
		};
		B565DE9228C62945005E36FB /* Helpers */ = {
			isa = PBXGroup;
			children = (
				B5E4D75C28C49190001BE1F3 /* Firebase.swift */,
				B565DE9B28C62F38005E36FB /* StringConfig.swift */,
				B5E4D75E28C49F5D001BE1F3 /* DataSource.swift */,
				B5E4D76328C4A8A6001BE1F3 /* Extensions.swift */,
				B565DE8228C617EB005E36FB /* Deeplinker.swift */,
			);
			path = Helpers;
			sourceTree = "<group>";
		};
		B565DE9328C62958005E36FB /* Resources */ = {
			isa = PBXGroup;
			children = (
				B5E4D74F28C48EAC001BE1F3 /* Assets.xcassets */,
				B5E4D75128C48EAC001BE1F3 /* LaunchScreen.storyboard */,
				B5E4D75428C48EAC001BE1F3 /* Info.plist */,
				B5E4D75A28C49170001BE1F3 /* GoogleService-Info.plist */,
			);
			path = Resources;
			sourceTree = "<group>";
		};
		B565DE9428C629AF005E36FB /* Screens */ = {
			isa = PBXGroup;
			children = (
				B5E4D74A28C48EAA001BE1F3 /* MainVC.swift */,
				B5E4D74C28C48EAA001BE1F3 /* Main.storyboard */,
			);
			path = Screens;
			sourceTree = "<group>";
		};
		B5E4D73A28C48EA9001BE1F3 = {
			isa = PBXGroup;
			children = (
				B5E4D74528C48EAA001BE1F3 /* Paywall */,
				B5E4D74428C48EAA001BE1F3 /* Products */,
				115D20B077D1FED116C33E60 /* Pods */,
				0DA9F515FFDAB4183981B299 /* Frameworks */,
			);
			sourceTree = "<group>";
		};
		B5E4D74428C48EAA001BE1F3 /* Products */ = {
			isa = PBXGroup;
			children = (
				B5E4D74328C48EAA001BE1F3 /* Paywall.app */,
			);
			name = Products;
			sourceTree = "<group>";
		};
		B5E4D74528C48EAA001BE1F3 /* Paywall */ = {
			isa = PBXGroup;
			children = (
				B565DE9028C62931005E36FB /* App */,
				B5E4D76228C4A834001BE1F3 /* Cells */,
				B565DE9228C62945005E36FB /* Helpers */,
				B565DE9328C62958005E36FB /* Resources */,
				B565DE9428C629AF005E36FB /* Screens */,
				B565DE9128C62939005E36FB /* Views */,
			);
			path = Paywall;
			sourceTree = "<group>";
		};
		B5E4D76228C4A834001BE1F3 /* Cells */ = {
			isa = PBXGroup;
			children = (
				B5E4D76028C4A830001BE1F3 /* TitleCell.swift */,
				B565DE9728C62C3B005E36FB /* ImageCell.swift */,
				B5E4D76528C4BF23001BE1F3 /* SubscribeButtonCell.swift */,
				B565DE9528C62C24005E36FB /* EmptyCell.swift */,
				B5E4D76728C4CE2F001BE1F3 /* ButtonCell.swift */,
				B5E4D76928C4D7A8001BE1F3 /* TermsCell.swift */,
				B565DE8428C61BCD005E36FB /* BoxCell.swift */,
				B565DE8628C62035005E36FB /* LogoCell.swift */,
				B565DE8828C628B1005E36FB /* ReusableCell.swift */,
			);
			path = Cells;
			sourceTree = "<group>";
		};
/* End PBXGroup section */

/* Begin PBXNativeTarget section */
		B5E4D74228C48EAA001BE1F3 /* Paywall */ = {
			isa = PBXNativeTarget;
			buildConfigurationList = B5E4D75728C48EAC001BE1F3 /* Build configuration list for PBXNativeTarget "Paywall" */;
			buildPhases = (
				E8BD4BC95B883FFAA348DAD3 /* [CP] Check Pods Manifest.lock */,
				B5E4D73F28C48EAA001BE1F3 /* Sources */,
				B5E4D74028C48EAA001BE1F3 /* Frameworks */,
				B5E4D74128C48EAA001BE1F3 /* Resources */,
				A24A1B8D84D45C9A4A219335 /* [CP] Embed Pods Frameworks */,
			);
			buildRules = (
			);
			dependencies = (
			);
			name = Paywall;
			productName = Paywall;
			productReference = B5E4D74328C48EAA001BE1F3 /* Paywall.app */;
			productType = "com.apple.product-type.application";
		};
/* End PBXNativeTarget section */

/* Begin PBXProject section */
		B5E4D73B28C48EA9001BE1F3 /* Project object */ = {
			isa = PBXProject;
			attributes = {
				BuildIndependentTargetsInParallel = 1;
				LastSwiftUpdateCheck = 1340;
				LastUpgradeCheck = 1340;
				TargetAttributes = {
					B5E4D74228C48EAA001BE1F3 = {
						CreatedOnToolsVersion = 13.4.1;
					};
				};
			};
			buildConfigurationList = B5E4D73E28C48EA9001BE1F3 /* Build configuration list for PBXProject "Paywall" */;
			compatibilityVersion = "Xcode 13.0";
			developmentRegion = en;
			hasScannedForEncodings = 0;
			knownRegions = (
				en,
				Base,
			);
			mainGroup = B5E4D73A28C48EA9001BE1F3;
			productRefGroup = B5E4D74428C48EAA001BE1F3 /* Products */;
			projectDirPath = "";
			projectRoot = "";
			targets = (
				B5E4D74228C48EAA001BE1F3 /* Paywall */,
			);
		};
/* End PBXProject section */

/* Begin PBXResourcesBuildPhase section */
		B5E4D74128C48EAA001BE1F3 /* Resources */ = {
			isa = PBXResourcesBuildPhase;
			buildActionMask = 2147483647;
			files = (
				B5E4D75B28C49171001BE1F3 /* GoogleService-Info.plist in Resources */,
				B5E4D75328C48EAC001BE1F3 /* LaunchScreen.storyboard in Resources */,
				B5E4D75028C48EAC001BE1F3 /* Assets.xcassets in Resources */,
				B5E4D74E28C48EAA001BE1F3 /* Main.storyboard in Resources */,
			);
			runOnlyForDeploymentPostprocessing = 0;
		};
/* End PBXResourcesBuildPhase section */

/* Begin PBXShellScriptBuildPhase section */
		A24A1B8D84D45C9A4A219335 /* [CP] Embed Pods Frameworks */ = {
			isa = PBXShellScriptBuildPhase;
			buildActionMask = 2147483647;
			files = (
			);
			inputFileListPaths = (
				"${PODS_ROOT}/Target Support Files/Pods-Paywall/Pods-Paywall-frameworks-${CONFIGURATION}-input-files.xcfilelist",
			);
			name = "[CP] Embed Pods Frameworks";
			outputFileListPaths = (
				"${PODS_ROOT}/Target Support Files/Pods-Paywall/Pods-Paywall-frameworks-${CONFIGURATION}-output-files.xcfilelist",
			);
			runOnlyForDeploymentPostprocessing = 0;
			shellPath = /bin/sh;
			shellScript = "\"${PODS_ROOT}/Target Support Files/Pods-Paywall/Pods-Paywall-frameworks.sh\"\n";
			showEnvVarsInLog = 0;
		};
		E8BD4BC95B883FFAA348DAD3 /* [CP] Check Pods Manifest.lock */ = {
			isa = PBXShellScriptBuildPhase;
			buildActionMask = 2147483647;
			files = (
			);
			inputFileListPaths = (
			);
			inputPaths = (
				"${PODS_PODFILE_DIR_PATH}/Podfile.lock",
				"${PODS_ROOT}/Manifest.lock",
			);
			name = "[CP] Check Pods Manifest.lock";
			outputFileListPaths = (
			);
			outputPaths = (
				"$(DERIVED_FILE_DIR)/Pods-Paywall-checkManifestLockResult.txt",
			);
			runOnlyForDeploymentPostprocessing = 0;
			shellPath = /bin/sh;
			shellScript = "diff \"${PODS_PODFILE_DIR_PATH}/Podfile.lock\" \"${PODS_ROOT}/Manifest.lock\" > /dev/null\nif [ $? != 0 ] ; then\n    # print error to STDERR\n    echo \"error: The sandbox is not in sync with the Podfile.lock. Run 'pod install' or update your CocoaPods installation.\" >&2\n    exit 1\nfi\n# This output is used by Xcode 'outputs' to avoid re-running this script phase.\necho \"SUCCESS\" > \"${SCRIPT_OUTPUT_FILE_0}\"\n";
			showEnvVarsInLog = 0;
		};
/* End PBXShellScriptBuildPhase section */

/* Begin PBXSourcesBuildPhase section */
		B5E4D73F28C48EAA001BE1F3 /* Sources */ = {
			isa = PBXSourcesBuildPhase;
			buildActionMask = 2147483647;
			files = (
				B5E4D76128C4A830001BE1F3 /* TitleCell.swift in Sources */,
				B5E4D74B28C48EAA001BE1F3 /* MainVC.swift in Sources */,
				B565DE8728C62035005E36FB /* LogoCell.swift in Sources */,
				B565DE9828C62C3B005E36FB /* ImageCell.swift in Sources */,
				B5E4D76828C4CE2F001BE1F3 /* ButtonCell.swift in Sources */,
				B5E4D76628C4BF23001BE1F3 /* SubscribeButtonCell.swift in Sources */,
				B5E4D74728C48EAA001BE1F3 /* AppDelegate.swift in Sources */,
				B565DE8B28C628E1005E36FB /* PaddingLabel.swift in Sources */,
				B5E4D76A28C4D7A8001BE1F3 /* TermsCell.swift in Sources */,
				B5E4D75D28C49190001BE1F3 /* Firebase.swift in Sources */,
				B565DE9A28C62C57005E36FB /* CheckMarkView.swift in Sources */,
				B5E4D75F28C49F5D001BE1F3 /* DataSource.swift in Sources */,
				B5E4D76428C4A8A6001BE1F3 /* Extensions.swift in Sources */,
				B565DE8F28C6291E005E36FB /* SubscribeView.swift in Sources */,
				B565DE8528C61BCD005E36FB /* BoxCell.swift in Sources */,
				B565DE8328C617EB005E36FB /* Deeplinker.swift in Sources */,
				B565DE8928C628B1005E36FB /* ReusableCell.swift in Sources */,
				B565DE8D28C628FC005E36FB /* SubscribeButton.swift in Sources */,
				B565DE9C28C62F38005E36FB /* StringConfig.swift in Sources */,
				B5E4D74928C48EAA001BE1F3 /* SceneDelegate.swift in Sources */,
				B565DE9628C62C24005E36FB /* EmptyCell.swift in Sources */,
			);
			runOnlyForDeploymentPostprocessing = 0;
		};
/* End PBXSourcesBuildPhase section */

/* Begin PBXVariantGroup section */
		B5E4D74C28C48EAA001BE1F3 /* Main.storyboard */ = {
			isa = PBXVariantGroup;
			children = (
				B5E4D74D28C48EAA001BE1F3 /* Base */,
			);
			name = Main.storyboard;
			sourceTree = "<group>";
		};
		B5E4D75128C48EAC001BE1F3 /* LaunchScreen.storyboard */ = {
			isa = PBXVariantGroup;
			children = (
				B5E4D75228C48EAC001BE1F3 /* Base */,
			);
			name = LaunchScreen.storyboard;
			sourceTree = "<group>";
		};
/* End PBXVariantGroup section */

/* Begin XCBuildConfiguration section */
		B5E4D75528C48EAC001BE1F3 /* Debug */ = {
			isa = XCBuildConfiguration;
			buildSettings = {
				ALWAYS_SEARCH_USER_PATHS = NO;
				CLANG_ANALYZER_NONNULL = YES;
				CLANG_ANALYZER_NUMBER_OBJECT_CONVERSION = YES_AGGRESSIVE;
				CLANG_CXX_LANGUAGE_STANDARD = "gnu++17";
				CLANG_ENABLE_MODULES = YES;
				CLANG_ENABLE_OBJC_ARC = YES;
				CLANG_ENABLE_OBJC_WEAK = YES;
				CLANG_WARN_BLOCK_CAPTURE_AUTORELEASING = YES;
				CLANG_WARN_BOOL_CONVERSION = YES;
				CLANG_WARN_COMMA = YES;
				CLANG_WARN_CONSTANT_CONVERSION = YES;
				CLANG_WARN_DEPRECATED_OBJC_IMPLEMENTATIONS = YES;
				CLANG_WARN_DIRECT_OBJC_ISA_USAGE = YES_ERROR;
				CLANG_WARN_DOCUMENTATION_COMMENTS = YES;
				CLANG_WARN_EMPTY_BODY = YES;
				CLANG_WARN_ENUM_CONVERSION = YES;
				CLANG_WARN_INFINITE_RECURSION = YES;
				CLANG_WARN_INT_CONVERSION = YES;
				CLANG_WARN_NON_LITERAL_NULL_CONVERSION = YES;
				CLANG_WARN_OBJC_IMPLICIT_RETAIN_SELF = YES;
				CLANG_WARN_OBJC_LITERAL_CONVERSION = YES;
				CLANG_WARN_OBJC_ROOT_CLASS = YES_ERROR;
				CLANG_WARN_QUOTED_INCLUDE_IN_FRAMEWORK_HEADER = YES;
				CLANG_WARN_RANGE_LOOP_ANALYSIS = YES;
				CLANG_WARN_STRICT_PROTOTYPES = YES;
				CLANG_WARN_SUSPICIOUS_MOVE = YES;
				CLANG_WARN_UNGUARDED_AVAILABILITY = YES_AGGRESSIVE;
				CLANG_WARN_UNREACHABLE_CODE = YES;
				CLANG_WARN__DUPLICATE_METHOD_MATCH = YES;
				COPY_PHASE_STRIP = NO;
				DEBUG_INFORMATION_FORMAT = dwarf;
				ENABLE_STRICT_OBJC_MSGSEND = YES;
				ENABLE_TESTABILITY = YES;
				GCC_C_LANGUAGE_STANDARD = gnu11;
				GCC_DYNAMIC_NO_PIC = NO;
				GCC_NO_COMMON_BLOCKS = YES;
				GCC_OPTIMIZATION_LEVEL = 0;
				GCC_PREPROCESSOR_DEFINITIONS = (
					"DEBUG=1",
					"$(inherited)",
				);
				GCC_WARN_64_TO_32_BIT_CONVERSION = YES;
				GCC_WARN_ABOUT_RETURN_TYPE = YES_ERROR;
				GCC_WARN_UNDECLARED_SELECTOR = YES;
				GCC_WARN_UNINITIALIZED_AUTOS = YES_AGGRESSIVE;
				GCC_WARN_UNUSED_FUNCTION = YES;
				GCC_WARN_UNUSED_VARIABLE = YES;
				IPHONEOS_DEPLOYMENT_TARGET = 15.5;
				MTL_ENABLE_DEBUG_INFO = INCLUDE_SOURCE;
				MTL_FAST_MATH = YES;
				ONLY_ACTIVE_ARCH = YES;
				SDKROOT = iphoneos;
				SWIFT_ACTIVE_COMPILATION_CONDITIONS = DEBUG;
				SWIFT_OPTIMIZATION_LEVEL = "-Onone";
			};
			name = Debug;
		};
		B5E4D75628C48EAC001BE1F3 /* Release */ = {
			isa = XCBuildConfiguration;
			buildSettings = {
				ALWAYS_SEARCH_USER_PATHS = NO;
				CLANG_ANALYZER_NONNULL = YES;
				CLANG_ANALYZER_NUMBER_OBJECT_CONVERSION = YES_AGGRESSIVE;
				CLANG_CXX_LANGUAGE_STANDARD = "gnu++17";
				CLANG_ENABLE_MODULES = YES;
				CLANG_ENABLE_OBJC_ARC = YES;
				CLANG_ENABLE_OBJC_WEAK = YES;
				CLANG_WARN_BLOCK_CAPTURE_AUTORELEASING = YES;
				CLANG_WARN_BOOL_CONVERSION = YES;
				CLANG_WARN_COMMA = YES;
				CLANG_WARN_CONSTANT_CONVERSION = YES;
				CLANG_WARN_DEPRECATED_OBJC_IMPLEMENTATIONS = YES;
				CLANG_WARN_DIRECT_OBJC_ISA_USAGE = YES_ERROR;
				CLANG_WARN_DOCUMENTATION_COMMENTS = YES;
				CLANG_WARN_EMPTY_BODY = YES;
				CLANG_WARN_ENUM_CONVERSION = YES;
				CLANG_WARN_INFINITE_RECURSION = YES;
				CLANG_WARN_INT_CONVERSION = YES;
				CLANG_WARN_NON_LITERAL_NULL_CONVERSION = YES;
				CLANG_WARN_OBJC_IMPLICIT_RETAIN_SELF = YES;
				CLANG_WARN_OBJC_LITERAL_CONVERSION = YES;
				CLANG_WARN_OBJC_ROOT_CLASS = YES_ERROR;
				CLANG_WARN_QUOTED_INCLUDE_IN_FRAMEWORK_HEADER = YES;
				CLANG_WARN_RANGE_LOOP_ANALYSIS = YES;
				CLANG_WARN_STRICT_PROTOTYPES = YES;
				CLANG_WARN_SUSPICIOUS_MOVE = YES;
				CLANG_WARN_UNGUARDED_AVAILABILITY = YES_AGGRESSIVE;
				CLANG_WARN_UNREACHABLE_CODE = YES;
				CLANG_WARN__DUPLICATE_METHOD_MATCH = YES;
				COPY_PHASE_STRIP = NO;
				DEBUG_INFORMATION_FORMAT = "dwarf-with-dsym";
				ENABLE_NS_ASSERTIONS = NO;
				ENABLE_STRICT_OBJC_MSGSEND = YES;
				GCC_C_LANGUAGE_STANDARD = gnu11;
				GCC_NO_COMMON_BLOCKS = YES;
				GCC_WARN_64_TO_32_BIT_CONVERSION = YES;
				GCC_WARN_ABOUT_RETURN_TYPE = YES_ERROR;
				GCC_WARN_UNDECLARED_SELECTOR = YES;
				GCC_WARN_UNINITIALIZED_AUTOS = YES_AGGRESSIVE;
				GCC_WARN_UNUSED_FUNCTION = YES;
				GCC_WARN_UNUSED_VARIABLE = YES;
				IPHONEOS_DEPLOYMENT_TARGET = 15.5;
				MTL_ENABLE_DEBUG_INFO = NO;
				MTL_FAST_MATH = YES;
				SDKROOT = iphoneos;
				SWIFT_COMPILATION_MODE = wholemodule;
				SWIFT_OPTIMIZATION_LEVEL = "-O";
				VALIDATE_PRODUCT = YES;
			};
			name = Release;
		};
		B5E4D75828C48EAC001BE1F3 /* Debug */ = {
			isa = XCBuildConfiguration;
			baseConfigurationReference = C32B177D2780FA1382941CCD /* Pods-Paywall.debug.xcconfig */;
			buildSettings = {
				ASSETCATALOG_COMPILER_APPICON_NAME = AppIcon;
				ASSETCATALOG_COMPILER_GLOBAL_ACCENT_COLOR_NAME = AccentColor;
				CODE_SIGN_STYLE = Automatic;
				CURRENT_PROJECT_VERSION = 1;
				DEVELOPMENT_TEAM = 95D67VXK3X;
				GENERATE_INFOPLIST_FILE = YES;
				INFOPLIST_FILE = Paywall/Resources/Info.plist;
				INFOPLIST_KEY_UIApplicationSupportsIndirectInputEvents = YES;
				INFOPLIST_KEY_UILaunchStoryboardName = LaunchScreen;
				INFOPLIST_KEY_UIMainStoryboardFile = Main;
				INFOPLIST_KEY_UISupportedInterfaceOrientations_iPad = "UIInterfaceOrientationPortrait UIInterfaceOrientationPortraitUpsideDown UIInterfaceOrientationLandscapeLeft UIInterfaceOrientationLandscapeRight";
				INFOPLIST_KEY_UISupportedInterfaceOrientations_iPhone = "UIInterfaceOrientationPortrait UIInterfaceOrientationLandscapeLeft UIInterfaceOrientationLandscapeRight";
				LD_RUNPATH_SEARCH_PATHS = (
					"$(inherited)",
					"@executable_path/Frameworks",
				);
				MARKETING_VERSION = 1.0;
				PRODUCT_BUNDLE_IDENTIFIER = ru.mustdev.Paywall;
				PRODUCT_NAME = "$(TARGET_NAME)";
				SWIFT_EMIT_LOC_STRINGS = YES;
				SWIFT_VERSION = 5.0;
				TARGETED_DEVICE_FAMILY = "1,2";
			};
			name = Debug;
		};
		B5E4D75928C48EAC001BE1F3 /* Release */ = {
			isa = XCBuildConfiguration;
			baseConfigurationReference = D7E5D8D7AF596D5D283ED014 /* Pods-Paywall.release.xcconfig */;
			buildSettings = {
				ASSETCATALOG_COMPILER_APPICON_NAME = AppIcon;
				ASSETCATALOG_COMPILER_GLOBAL_ACCENT_COLOR_NAME = AccentColor;
				CODE_SIGN_STYLE = Automatic;
				CURRENT_PROJECT_VERSION = 1;
				DEVELOPMENT_TEAM = 95D67VXK3X;
				GENERATE_INFOPLIST_FILE = YES;
				INFOPLIST_FILE = Paywall/Resources/Info.plist;
				INFOPLIST_KEY_UIApplicationSupportsIndirectInputEvents = YES;
				INFOPLIST_KEY_UILaunchStoryboardName = LaunchScreen;
				INFOPLIST_KEY_UIMainStoryboardFile = Main;
				INFOPLIST_KEY_UISupportedInterfaceOrientations_iPad = "UIInterfaceOrientationPortrait UIInterfaceOrientationPortraitUpsideDown UIInterfaceOrientationLandscapeLeft UIInterfaceOrientationLandscapeRight";
				INFOPLIST_KEY_UISupportedInterfaceOrientations_iPhone = "UIInterfaceOrientationPortrait UIInterfaceOrientationLandscapeLeft UIInterfaceOrientationLandscapeRight";
				LD_RUNPATH_SEARCH_PATHS = (
					"$(inherited)",
					"@executable_path/Frameworks",
				);
				MARKETING_VERSION = 1.0;
				PRODUCT_BUNDLE_IDENTIFIER = ru.mustdev.Paywall;
				PRODUCT_NAME = "$(TARGET_NAME)";
				SWIFT_EMIT_LOC_STRINGS = YES;
				SWIFT_VERSION = 5.0;
				TARGETED_DEVICE_FAMILY = "1,2";
			};
			name = Release;
		};
/* End XCBuildConfiguration section */

/* Begin XCConfigurationList section */
		B5E4D73E28C48EA9001BE1F3 /* Build configuration list for PBXProject "Paywall" */ = {
			isa = XCConfigurationList;
			buildConfigurations = (
				B5E4D75528C48EAC001BE1F3 /* Debug */,
				B5E4D75628C48EAC001BE1F3 /* Release */,
			);
			defaultConfigurationIsVisible = 0;
			defaultConfigurationName = Release;
		};
		B5E4D75728C48EAC001BE1F3 /* Build configuration list for PBXNativeTarget "Paywall" */ = {
			isa = XCConfigurationList;
			buildConfigurations = (
				B5E4D75828C48EAC001BE1F3 /* Debug */,
				B5E4D75928C48EAC001BE1F3 /* Release */,
			);
			defaultConfigurationIsVisible = 0;
			defaultConfigurationName = Release;
		};
/* End XCConfigurationList section */
	};
	rootObject = B5E4D73B28C48EA9001BE1F3 /* Project object */;
}
